lockfileVersion: '9.0'

settings:
  autoInstallPeers: true
  excludeLinksFromLockfile: false

importers:

  .:
    dependencies:
      '@crowsi/browser-security':
        specifier: file:../../../../../../../.artifacts/npm/84e72b71616d5f5507518e09129c26546851cad3045f14e7034f32cb5fb89581/crowsi-browser-security-0.10.0.tgz
        version: file:../../../../../../../.artifacts/npm/84e72b71616d5f5507518e09129c26546851cad3045f14e7034f32cb5fb89581/crowsi-browser-security-0.10.0.tgz
      '@crowsi/transport-foundation':
        specifier: file:../../../../../../../.artifacts/npm/732fd4b4eaef9a553f318335402aa5f5803b92e032f7037e7c9aeb556ef35d71/crowsi-transport-foundation-0.10.0.tgz
        version: file:../../../../../../../.artifacts/npm/732fd4b4eaef9a553f318335402aa5f5803b92e032f7037e7c9aeb556ef35d71/crowsi-transport-foundation-0.10.0.tgz
      '@hathq/delivery-contracts':
        specifier: file:../../../../../../../.artifacts/npm/d3e601ba35459a8c6e88812a18f02846a3504582625179ba48d51760b45b82cb/hathq-delivery-contracts-0.10.0.tgz
        version: file:../../../../../../../.artifacts/npm/d3e601ba35459a8c6e88812a18f02846a3504582625179ba48d51760b45b82cb/hathq-delivery-contracts-0.10.0.tgz
      ws:
        specifier: 8.21.2
        version: 8.21.2

packages:

  '@crowsi/browser-security@file:../../../../../../../.artifacts/npm/84e72b71616d5f5507518e09129c26546851cad3045f14e7034f32cb5fb89581/crowsi-browser-security-0.10.0.tgz':
    resolution: {integrity: sha512-UJSZA6fBr8h92d0Af1ygNM0Ntb57SIlzozOD3LMpR2Lk+dWiP1qnOI+UjrgdnLPVG2Wbvcn+SBoECXEMB+gk8g==, tarball: file:../../../../../../../.artifacts/npm/84e72b71616d5f5507518e09129c26546851cad3045f14e7034f32cb5fb89581/crowsi-browser-security-0.10.0.tgz}
    version: 0.10.0
    engines: {node: '>=22'}

  '@crowsi/transport-foundation@file:../../../../../../../.artifacts/npm/732fd4b4eaef9a553f318335402aa5f5803b92e032f7037e7c9aeb556ef35d71/crowsi-transport-foundation-0.10.0.tgz':
    resolution: {integrity: sha512-2BD9mgRtIiDuDuCtJ+6nzLJ8NTyMtqFB2FIIQB/12ebrBijHPwNkkIoD0FtoAybp5d5l4BPlgSfdkObovYgDVw==, tarball: file:../../../../../../../.artifacts/npm/732fd4b4eaef9a553f318335402aa5f5803b92e032f7037e7c9aeb556ef35d71/crowsi-transport-foundation-0.10.0.tgz}
    version: 0.10.0
    engines: {node: '>=22'}

  '@hathq/delivery-contracts@file:../../../../../../../.artifacts/npm/d3e601ba35459a8c6e88812a18f02846a3504582625179ba48d51760b45b82cb/hathq-delivery-contracts-0.10.0.tgz':
    resolution: {integrity: sha512-UD7udo4EBOXt0QUPcaqrCQouHOlbgMQa9MfXXQ0XRhucEfd//YeOtT02NkHmv2Pap1hSDj/1ca9nodtPvjxGrw==, tarball: file:../../../../../../../.artifacts/npm/d3e601ba35459a8c6e88812a18f02846a3504582625179ba48d51760b45b82cb/hathq-delivery-contracts-0.10.0.tgz}
    version: 0.10.0

  '@hathq/projection-contracts@file:../../../../../../../.artifacts/npm/cf89d5f46ee58a29c7a4d502eeee4435dbb95f33e1f48a93d6aeab5e0a22f852/hathq-projection-contracts-0.10.0.tgz':
    resolution: {integrity: sha512-Eqp3p0AAR/NLwmAZmL6vhwfxi5K0M8K16pcT+BFHdO/7WSsZcW1CPMRAh4yXOHJmIa3VewYoDraAIkDzgICLuQ==, tarball: file:../../../../../../../.artifacts/npm/cf89d5f46ee58a29c7a4d502eeee4435dbb95f33e1f48a93d6aeab5e0a22f852/hathq-projection-contracts-0.10.0.tgz}
    version: 0.10.0
    engines: {node: '>=22'}

  '@zixcel/interaction@file:../../../../../../../.artifacts/npm/1c2d6e15a4212e2459887589f3e79781a9902f0ebbf44f12dc76bd75e82efa66/zixcel-interaction-0.10.0.tgz':
    resolution: {integrity: sha512-3XOHU/VPEGosjHRfEC1DMta6P8s3w6NTum1dzWzOfn2aCK6GoKWzZtjQLWer/YyxwroBZh6vLWVgrDFsk2fEMA==, tarball: file:../../../../../../../.artifacts/npm/1c2d6e15a4212e2459887589f3e79781a9902f0ebbf44f12dc76bd75e82efa66/zixcel-interaction-0.10.0.tgz}
    version: 0.10.0

  ohash@2.0.11:
    resolution: {integrity: sha512-RdR9FQrFwNBNXAr4GixM8YaRZRJ5PUWbKYbE5eOsrwAjJW0q2REGcf79oYPsLyskQCZG1PLN+S/K1V00joZAoQ==}

  ws@8.21.2:
    resolution: {integrity: sha512-54dMVAo4WIe6SKy3vBgN+9bJZqqQ8IMRevAkOLQALhi49qkkQDQfWdAZ8KQlXiEabw88ARXXdUrlvtbKQX+aKw==}
    engines: {node: '>=10.0.0'}
    peerDependencies:
      bufferutil: ^4.0.1
      utf-8-validate: '>=5.0.2'
    peerDependenciesMeta:
      bufferutil:
        optional: true
      utf-8-validate:
        optional: true

snapshots:

  '@crowsi/browser-security@file:../../../../../../../.artifacts/npm/84e72b71616d5f5507518e09129c26546851cad3045f14e7034f32cb5fb89581/crowsi-browser-security-0.10.0.tgz': {}

  '@crowsi/transport-foundation@file:../../../../../../../.artifacts/npm/732fd4b4eaef9a553f318335402aa5f5803b92e032f7037e7c9aeb556ef35d71/crowsi-transport-foundation-0.10.0.tgz': {}

  '@hathq/delivery-contracts@file:../../../../../../../.artifacts/npm/d3e601ba35459a8c6e88812a18f02846a3504582625179ba48d51760b45b82cb/hathq-delivery-contracts-0.10.0.tgz':
    dependencies:
      '@hathq/projection-contracts': file:../../../../../../../.artifacts/npm/cf89d5f46ee58a29c7a4d502eeee4435dbb95f33e1f48a93d6aeab5e0a22f852/hathq-projection-contracts-0.10.0.tgz
      '@zixcel/interaction': file:../../../../../../../.artifacts/npm/1c2d6e15a4212e2459887589f3e79781a9902f0ebbf44f12dc76bd75e82efa66/zixcel-interaction-0.10.0.tgz

  '@hathq/projection-contracts@file:../../../../../../../.artifacts/npm/cf89d5f46ee58a29c7a4d502eeee4435dbb95f33e1f48a93d6aeab5e0a22f852/hathq-projection-contracts-0.10.0.tgz':
    dependencies:
      '@zixcel/interaction': file:../../../../../../../.artifacts/npm/1c2d6e15a4212e2459887589f3e79781a9902f0ebbf44f12dc76bd75e82efa66/zixcel-interaction-0.10.0.tgz
      ohash: 2.0.11

  '@zixcel/interaction@file:../../../../../../../.artifacts/npm/1c2d6e15a4212e2459887589f3e79781a9902f0ebbf44f12dc76bd75e82efa66/zixcel-interaction-0.10.0.tgz': {}

  ohash@2.0.11: {}

  ws@8.21.2: {}
